
Microsoft Visual Studio Solution File, Format Version 12.00
# Visual Studio Version 16
VisualStudioVersion = 16.0.31624.102
MinimumVisualStudioVersion = 10.0.40219.1
Project("{FAE04EC0-301F-11D3-BF4B-00C04F79EFBC}") = "Main", "Main\Main.csproj", "{C509D975-A675-4CD6-A742-C9410FE74AE2}"
EndProject
Project("{FAE04EC0-301F-11D3-BF4B-00C04F79EFBC}") = "TracerLibrary", "TracerLibrary\TracerLibrary.csproj", "{2334BF55-3F72-4BA9-8BE7-61811178DB96}"
EndProject
Project("{FAE04EC0-301F-11D3-BF4B-00C04F79EFBC}") = "UnitTests", "UnitTests\UnitTests.csproj", "{22B9A0F9-F0C0-455C-B8B1-ACCAECF87895}"
EndProject
Project("{FAE04EC0-301F-11D3-BF4B-00C04F79EFBC}") = "UtilClasses", "UtilClasses\UtilClasses.csproj", "{517F118E-EB4E-47EA-82A4-A809EB182737}"
EndProject
Project("{FAE04EC0-301F-11D3-BF4B-00C04F79EFBC}") = "SerializerLibrary", "SerializerLibrary\SerializerLibrary.csproj", "{E310D017-83D0-4A80-8238-8025FE23EF37}"
EndProject
Global
	GlobalSection(SolutionConfigurationPlatforms) = preSolution
		Debug|Any CPU = Debug|Any CPU
		Release|Any CPU = Release|Any CPU
	EndGlobalSection
	GlobalSection(ProjectConfigurationPlatforms) = postSolution
		{C509D975-A675-4CD6-A742-C9410FE74AE2}.Debug|Any CPU.ActiveCfg = Debug|Any CPU
		{C509D975-A675-4CD6-A742-C9410FE74AE2}.Debug|Any CPU.Build.0 = Debug|Any CPU
		{C509D975-A675-4CD6-A742-C9410FE74AE2}.Release|Any CPU.ActiveCfg = Release|Any CPU
		{C509D975-A675-4CD6-A742-C9410FE74AE2}.Release|Any CPU.Build.0 = Release|Any CPU
		{2334BF55-3F72-4BA9-8BE7-61811178DB96}.Debug|Any CPU.ActiveCfg = Debug|Any CPU
		{2334BF55-3F72-4BA9-8BE7-61811178DB96}.Debug|Any CPU.Build.0 = Debug|Any CPU
		{2334BF55-3F72-4BA9-8BE7-61811178DB96}.Release|Any CPU.ActiveCfg = Release|Any CPU
		{2334BF55-3F72-4BA9-8BE7-61811178DB96}.Release|Any CPU.Build.0 = Release|Any CPU
		{22B9A0F9-F0C0-455C-B8B1-ACCAECF87895}.Debug|Any CPU.ActiveCfg = Debug|Any CPU
		{22B9A0F9-F0C0-455C-B8B1-ACCAECF87895}.Debug|Any CPU.Build.0 = Debug|Any CPU
		{22B9A0F9-F0C0-455C-B8B1-ACCAECF87895}.Release|Any CPU.ActiveCfg = Release|Any CPU
		{22B9A0F9-F0C0-455C-B8B1-ACCAECF87895}.Release|Any CPU.Build.0 = Release|Any CPU
		{517F118E-EB4E-47EA-82A4-A809EB182737}.Debug|Any CPU.ActiveCfg = Debug|Any CPU
		{517F118E-EB4E-47EA-82A4-A809EB182737}.Debug|Any CPU.Build.0 = Debug|Any CPU
		{517F118E-EB4E-47EA-82A4-A809EB182737}.Release|Any CPU.ActiveCfg = Release|Any CPU
		{517F118E-EB4E-47EA-82A4-A809EB182737}.Release|Any CPU.Build.0 = Release|Any CPU
		{E310D017-83D0-4A80-8238-8025FE23EF37}.Debug|Any CPU.ActiveCfg = Debug|Any CPU
		{E310D017-83D0-4A80-8238-8025FE23EF37}.Debug|Any CPU.Build.0 = Debug|Any CPU
		{E310D017-83D0-4A80-8238-8025FE23EF37}.Release|Any CPU.ActiveCfg = Release|Any CPU
		{E310D017-83D0-4A80-8238-8025FE23EF37}.Release|Any CPU.Build.0 = Release|Any CPU
	EndGlobalSection
	GlobalSection(SolutionProperties) = preSolution
		HideSolutionNode = FALSE
	EndGlobalSection
	GlobalSection(ExtensibilityGlobals) = postSolution
		SolutionGuid = {3D8047DB-5EC2-4764-B60E-07A60E01F036}
	EndGlobalSection
EndGlobal
